
Microsoft Visual Studio Solution File, Format Version 12.00
# Visual Studio Version 17
VisualStudioVersion = 17.7.34031.279
MinimumVisualStudioVersion = 10.0.40219.1
Project("{2150E333-8FDC-42A3-9474-1A3956D46DE8}") = "ExercicioVetores", "ExercicioVetores", "{64EB6E68-4743-45D1-8513-4621584C9CBF}"
EndProject
Project("{9A19103F-16F7-4668-BE54-9A1E7A4F7556}") = "ExercicioVetores02", "..\ExercicioVetores02\ExercicioVetores02.csproj", "{0E40B5DC-E868-449E-91B2-BFD12F2FA614}"
EndProject
Project("{9A19103F-16F7-4668-BE54-9A1E7A4F7556}") = "ExercicioVetores01", "..\ExercicioVetores01\ExercicioVetores01.csproj", "{F6DC2F47-7ECB-421B-B5FB-78D970F8D6D4}"
EndProject
Project("{9A19103F-16F7-4668-BE54-9A1E7A4F7556}") = "ExercicioVetores03", "..\ExercicioVetores03\ExercicioVetores03.csproj", "{5C3EB36E-4B4F-4DC2-A142-02C7C4166B81}"
EndProject
Project("{9A19103F-16F7-4668-BE54-9A1E7A4F7556}") = "ExercicioVetores04", "..\ExercicioVetores0.4\ExercicioVetores04.csproj", "{79B01EE9-FA7E-406F-B00F-66818B19BA96}"
EndProject
Project("{9A19103F-16F7-4668-BE54-9A1E7A4F7556}") = "ExercicioVetores05", "..\ExercicioVetores05\ExercicioVetores05.csproj", "{704D5EEC-CD7C-48B6-9280-F04B7D41AAAC}"
EndProject
Project("{FAE04EC0-301F-11D3-BF4B-00C04F79EFBC}") = "ExercicioVetores06", "ExercicioVetores06\ExercicioVetores06.csproj", "{40208C0C-1170-4B3A-ABA7-CB67CC90342A}"
EndProject
Project("{FAE04EC0-301F-11D3-BF4B-00C04F79EFBC}") = "ExercicioVetores07", "ExercicioVetores07\ExercicioVetores07.csproj", "{C6BBF180-248C-4161-B707-BC3033B49DC5}"
EndProject
Project("{FAE04EC0-301F-11D3-BF4B-00C04F79EFBC}") = "ExercicioVetores08", "ExerciciosVetores08\ExercicioVetores08.csproj", "{75AC4EF2-A149-498C-8C78-B4A36F9875EC}"
EndProject
Project("{FAE04EC0-301F-11D3-BF4B-00C04F79EFBC}") = "ExercicioVetores09", "ExercicioVetores09\ExercicioVetores09.csproj", "{C0715708-B66E-4535-A036-799627F55324}"
EndProject
Project("{FAE04EC0-301F-11D3-BF4B-00C04F79EFBC}") = "ExercicioVetores10", "ExercicioVetores10\ExercicioVetores10.csproj", "{60C76C1E-BD66-49AB-B7DC-DB664E0EC704}"
EndProject
Project("{FAE04EC0-301F-11D3-BF4B-00C04F79EFBC}") = "ExercicioVetores11", "ExercicioVetores11\ExercicioVetores11.csproj", "{13E33E6E-643D-4AD4-90CF-21B401DC6993}"
EndProject
Project("{FAE04EC0-301F-11D3-BF4B-00C04F79EFBC}") = "ExercicioVetores12", "ExercicioVetores12\ExercicioVetores12.csproj", "{2A393A36-EA93-425B-89D5-E8CC20EF515C}"
EndProject
Project("{FAE04EC0-301F-11D3-BF4B-00C04F79EFBC}") = "ExercicioVetores13", "ExercicioVetores13\ExercicioVetores13.csproj", "{F10638BB-F1A4-4084-816C-0FDF6CD0B99B}"
EndProject
Project("{FAE04EC0-301F-11D3-BF4B-00C04F79EFBC}") = "ExercicioVetores14", "ExercicioVetores14\ExercicioVetores14.csproj", "{E6C8EA63-DFCC-44B9-91B6-56E48E2D3DA0}"
EndProject
Project("{FAE04EC0-301F-11D3-BF4B-00C04F79EFBC}") = "ExercicioVetores15", "ExercicioVetores15\ExercicioVetores15.csproj", "{A337118D-86D5-472B-BB57-893E8E201D89}"
EndProject
Project("{FAE04EC0-301F-11D3-BF4B-00C04F79EFBC}") = "ExercicioVetores16", "ExercicioVetores16\ExercicioVetores16.csproj", "{70036671-1D41-475C-BE79-A6FFD2EDDF19}"
EndProject
Global
	GlobalSection(SolutionConfigurationPlatforms) = preSolution
		Debug|Any CPU = Debug|Any CPU
		Release|Any CPU = Release|Any CPU
	EndGlobalSection
	GlobalSection(ProjectConfigurationPlatforms) = postSolution
		{0E40B5DC-E868-449E-91B2-BFD12F2FA614}.Debug|Any CPU.ActiveCfg = Debug|Any CPU
		{0E40B5DC-E868-449E-91B2-BFD12F2FA614}.Debug|Any CPU.Build.0 = Debug|Any CPU
		{0E40B5DC-E868-449E-91B2-BFD12F2FA614}.Release|Any CPU.ActiveCfg = Release|Any CPU
		{0E40B5DC-E868-449E-91B2-BFD12F2FA614}.Release|Any CPU.Build.0 = Release|Any CPU
		{F6DC2F47-7ECB-421B-B5FB-78D970F8D6D4}.Debug|Any CPU.ActiveCfg = Debug|Any CPU
		{F6DC2F47-7ECB-421B-B5FB-78D970F8D6D4}.Debug|Any CPU.Build.0 = Debug|Any CPU
		{F6DC2F47-7ECB-421B-B5FB-78D970F8D6D4}.Release|Any CPU.ActiveCfg = Release|Any CPU
		{F6DC2F47-7ECB-421B-B5FB-78D970F8D6D4}.Release|Any CPU.Build.0 = Release|Any CPU
		{5C3EB36E-4B4F-4DC2-A142-02C7C4166B81}.Debug|Any CPU.ActiveCfg = Debug|Any CPU
		{5C3EB36E-4B4F-4DC2-A142-02C7C4166B81}.Debug|Any CPU.Build.0 = Debug|Any CPU
		{5C3EB36E-4B4F-4DC2-A142-02C7C4166B81}.Release|Any CPU.ActiveCfg = Release|Any CPU
		{5C3EB36E-4B4F-4DC2-A142-02C7C4166B81}.Release|Any CPU.Build.0 = Release|Any CPU
		{79B01EE9-FA7E-406F-B00F-66818B19BA96}.Debug|Any CPU.ActiveCfg = Debug|Any CPU
		{79B01EE9-FA7E-406F-B00F-66818B19BA96}.Debug|Any CPU.Build.0 = Debug|Any CPU
		{79B01EE9-FA7E-406F-B00F-66818B19BA96}.Release|Any CPU.ActiveCfg = Release|Any CPU
		{79B01EE9-FA7E-406F-B00F-66818B19BA96}.Release|Any CPU.Build.0 = Release|Any CPU
		{704D5EEC-CD7C-48B6-9280-F04B7D41AAAC}.Debug|Any CPU.ActiveCfg = Debug|Any CPU
		{704D5EEC-CD7C-48B6-9280-F04B7D41AAAC}.Debug|Any CPU.Build.0 = Debug|Any CPU
		{704D5EEC-CD7C-48B6-9280-F04B7D41AAAC}.Release|Any CPU.ActiveCfg = Release|Any CPU
		{704D5EEC-CD7C-48B6-9280-F04B7D41AAAC}.Release|Any CPU.Build.0 = Release|Any CPU
		{40208C0C-1170-4B3A-ABA7-CB67CC90342A}.Debug|Any CPU.ActiveCfg = Debug|Any CPU
		{40208C0C-1170-4B3A-ABA7-CB67CC90342A}.Debug|Any CPU.Build.0 = Debug|Any CPU
		{40208C0C-1170-4B3A-ABA7-CB67CC90342A}.Release|Any CPU.ActiveCfg = Release|Any CPU
		{40208C0C-1170-4B3A-ABA7-CB67CC90342A}.Release|Any CPU.Build.0 = Release|Any CPU
		{C6BBF180-248C-4161-B707-BC3033B49DC5}.Debug|Any CPU.ActiveCfg = Debug|Any CPU
		{C6BBF180-248C-4161-B707-BC3033B49DC5}.Debug|Any CPU.Build.0 = Debug|Any CPU
		{C6BBF180-248C-4161-B707-BC3033B49DC5}.Release|Any CPU.ActiveCfg = Release|Any CPU
		{C6BBF180-248C-4161-B707-BC3033B49DC5}.Release|Any CPU.Build.0 = Release|Any CPU
		{75AC4EF2-A149-498C-8C78-B4A36F9875EC}.Debug|Any CPU.ActiveCfg = Debug|Any CPU
		{75AC4EF2-A149-498C-8C78-B4A36F9875EC}.Debug|Any CPU.Build.0 = Debug|Any CPU
		{75AC4EF2-A149-498C-8C78-B4A36F9875EC}.Release|Any CPU.ActiveCfg = Release|Any CPU
		{75AC4EF2-A149-498C-8C78-B4A36F9875EC}.Release|Any CPU.Build.0 = Release|Any CPU
		{C0715708-B66E-4535-A036-799627F55324}.Debug|Any CPU.ActiveCfg = Debug|Any CPU
		{C0715708-B66E-4535-A036-799627F55324}.Debug|Any CPU.Build.0 = Debug|Any CPU
		{C0715708-B66E-4535-A036-799627F55324}.Release|Any CPU.ActiveCfg = Release|Any CPU
		{C0715708-B66E-4535-A036-799627F55324}.Release|Any CPU.Build.0 = Release|Any CPU
		{60C76C1E-BD66-49AB-B7DC-DB664E0EC704}.Debug|Any CPU.ActiveCfg = Debug|Any CPU
		{60C76C1E-BD66-49AB-B7DC-DB664E0EC704}.Debug|Any CPU.Build.0 = Debug|Any CPU
		{60C76C1E-BD66-49AB-B7DC-DB664E0EC704}.Release|Any CPU.ActiveCfg = Release|Any CPU
		{60C76C1E-BD66-49AB-B7DC-DB664E0EC704}.Release|Any CPU.Build.0 = Release|Any CPU
		{13E33E6E-643D-4AD4-90CF-21B401DC6993}.Debug|Any CPU.ActiveCfg = Debug|Any CPU
		{13E33E6E-643D-4AD4-90CF-21B401DC6993}.Debug|Any CPU.Build.0 = Debug|Any CPU
		{13E33E6E-643D-4AD4-90CF-21B401DC6993}.Release|Any CPU.ActiveCfg = Release|Any CPU
		{13E33E6E-643D-4AD4-90CF-21B401DC6993}.Release|Any CPU.Build.0 = Release|Any CPU
		{2A393A36-EA93-425B-89D5-E8CC20EF515C}.Debug|Any CPU.ActiveCfg = Debug|Any CPU
		{2A393A36-EA93-425B-89D5-E8CC20EF515C}.Debug|Any CPU.Build.0 = Debug|Any CPU
		{2A393A36-EA93-425B-89D5-E8CC20EF515C}.Release|Any CPU.ActiveCfg = Release|Any CPU
		{2A393A36-EA93-425B-89D5-E8CC20EF515C}.Release|Any CPU.Build.0 = Release|Any CPU
		{F10638BB-F1A4-4084-816C-0FDF6CD0B99B}.Debug|Any CPU.ActiveCfg = Debug|Any CPU
		{F10638BB-F1A4-4084-816C-0FDF6CD0B99B}.Debug|Any CPU.Build.0 = Debug|Any CPU
		{F10638BB-F1A4-4084-816C-0FDF6CD0B99B}.Release|Any CPU.ActiveCfg = Release|Any CPU
		{F10638BB-F1A4-4084-816C-0FDF6CD0B99B}.Release|Any CPU.Build.0 = Release|Any CPU
		{E6C8EA63-DFCC-44B9-91B6-56E48E2D3DA0}.Debug|Any CPU.ActiveCfg = Debug|Any CPU
		{E6C8EA63-DFCC-44B9-91B6-56E48E2D3DA0}.Debug|Any CPU.Build.0 = Debug|Any CPU
		{E6C8EA63-DFCC-44B9-91B6-56E48E2D3DA0}.Release|Any CPU.ActiveCfg = Release|Any CPU
		{E6C8EA63-DFCC-44B9-91B6-56E48E2D3DA0}.Release|Any CPU.Build.0 = Release|Any CPU
		{A337118D-86D5-472B-BB57-893E8E201D89}.Debug|Any CPU.ActiveCfg = Debug|Any CPU
		{A337118D-86D5-472B-BB57-893E8E201D89}.Debug|Any CPU.Build.0 = Debug|Any CPU
		{A337118D-86D5-472B-BB57-893E8E201D89}.Release|Any CPU.ActiveCfg = Release|Any CPU
		{A337118D-86D5-472B-BB57-893E8E201D89}.Release|Any CPU.Build.0 = Release|Any CPU
		{70036671-1D41-475C-BE79-A6FFD2EDDF19}.Debug|Any CPU.ActiveCfg = Debug|Any CPU
		{70036671-1D41-475C-BE79-A6FFD2EDDF19}.Debug|Any CPU.Build.0 = Debug|Any CPU
		{70036671-1D41-475C-BE79-A6FFD2EDDF19}.Release|Any CPU.ActiveCfg = Release|Any CPU
		{70036671-1D41-475C-BE79-A6FFD2EDDF19}.Release|Any CPU.Build.0 = Release|Any CPU
	EndGlobalSection
	GlobalSection(SolutionProperties) = preSolution
		HideSolutionNode = FALSE
	EndGlobalSection
	GlobalSection(NestedProjects) = preSolution
		{0E40B5DC-E868-449E-91B2-BFD12F2FA614} = {64EB6E68-4743-45D1-8513-4621584C9CBF}
		{F6DC2F47-7ECB-421B-B5FB-78D970F8D6D4} = {64EB6E68-4743-45D1-8513-4621584C9CBF}
		{5C3EB36E-4B4F-4DC2-A142-02C7C4166B81} = {64EB6E68-4743-45D1-8513-4621584C9CBF}
		{79B01EE9-FA7E-406F-B00F-66818B19BA96} = {64EB6E68-4743-45D1-8513-4621584C9CBF}
		{704D5EEC-CD7C-48B6-9280-F04B7D41AAAC} = {64EB6E68-4743-45D1-8513-4621584C9CBF}
		{40208C0C-1170-4B3A-ABA7-CB67CC90342A} = {64EB6E68-4743-45D1-8513-4621584C9CBF}
		{C6BBF180-248C-4161-B707-BC3033B49DC5} = {64EB6E68-4743-45D1-8513-4621584C9CBF}
		{75AC4EF2-A149-498C-8C78-B4A36F9875EC} = {64EB6E68-4743-45D1-8513-4621584C9CBF}
		{C0715708-B66E-4535-A036-799627F55324} = {64EB6E68-4743-45D1-8513-4621584C9CBF}
		{60C76C1E-BD66-49AB-B7DC-DB664E0EC704} = {64EB6E68-4743-45D1-8513-4621584C9CBF}
		{13E33E6E-643D-4AD4-90CF-21B401DC6993} = {64EB6E68-4743-45D1-8513-4621584C9CBF}
		{2A393A36-EA93-425B-89D5-E8CC20EF515C} = {64EB6E68-4743-45D1-8513-4621584C9CBF}
		{F10638BB-F1A4-4084-816C-0FDF6CD0B99B} = {64EB6E68-4743-45D1-8513-4621584C9CBF}
		{E6C8EA63-DFCC-44B9-91B6-56E48E2D3DA0} = {64EB6E68-4743-45D1-8513-4621584C9CBF}
		{A337118D-86D5-472B-BB57-893E8E201D89} = {64EB6E68-4743-45D1-8513-4621584C9CBF}
		{70036671-1D41-475C-BE79-A6FFD2EDDF19} = {64EB6E68-4743-45D1-8513-4621584C9CBF}
	EndGlobalSection
	GlobalSection(ExtensibilityGlobals) = postSolution
		SolutionGuid = {C6496588-7822-4BE8-9E2C-9786C4B2C910}
	EndGlobalSection
EndGlobal
