
Microsoft Visual Studio Solution File, Format Version 12.00
# Visual Studio Version 17
VisualStudioVersion = 17.7.34031.279
MinimumVisualStudioVersion = 10.0.40219.1
Project("{9A19103F-16F7-4668-BE54-9A1E7A4F7556}") = "ExercicioRepetição2", "ExercicioRepetição2.csproj", "{EB9C3D19-D67C-496E-8C3C-73EFA5B66732}"
EndProject
Project("{2150E333-8FDC-42A3-9474-1A3956D46DE8}") = "ExerciciosRepetição", "ExerciciosRepetição", "{27CD35FB-1970-4B04-827D-4B92AB05588C}"
EndProject
Project("{9A19103F-16F7-4668-BE54-9A1E7A4F7556}") = "ExercicioRepetição1", "..\ExercicioRepetição1\ExercicioRepetição1.csproj", "{3615B72F-0354-4C5C-8B0E-1237AC7FFB85}"
EndProject
Project("{9A19103F-16F7-4668-BE54-9A1E7A4F7556}") = "ExercicioRepetição3", "..\ExercicioRepetição3\ExercicioRepetição3.csproj", "{0FFC0D7C-82AD-454B-921E-68E23743AD4A}"
EndProject
Project("{9A19103F-16F7-4668-BE54-9A1E7A4F7556}") = "ExercicioRepetição4", "..\ExercicioRepetição4\ExercicioRepetição4.csproj", "{70202757-DE5E-42FC-AED0-884785C150F8}"
EndProject
Project("{9A19103F-16F7-4668-BE54-9A1E7A4F7556}") = "ExercicioRepetição5", "..\ExercicioRepetição5\ExercicioRepetição5.csproj", "{F255FC51-2E1C-48FB-B0F0-3A5B5AD4AB92}"
EndProject
Project("{9A19103F-16F7-4668-BE54-9A1E7A4F7556}") = "ExercicioRepetição6", "..\ExercicioRepetição6\ExercicioRepetição6.csproj", "{63F7AD63-ED75-4F81-AFD7-B03389E97EE5}"
EndProject
Project("{9A19103F-16F7-4668-BE54-9A1E7A4F7556}") = "ExercicioRepetição7", "..\ExercicioRepetição7\ExercicioRepetição7.csproj", "{71A402B5-566F-465E-A409-33CC57D40D60}"
EndProject
Project("{2150E333-8FDC-42A3-9474-1A3956D46DE8}") = "ExercicioSequencial", "ExercicioSequencial", "{E48FFAD2-144A-433B-B96D-2B48D665E3EE}"
EndProject
Project("{9A19103F-16F7-4668-BE54-9A1E7A4F7556}") = "ExercicioSequencial01", "..\ExercicioSequencial1\ExercicioSequencial01.csproj", "{AE4B9F6A-5165-41F3-8316-F49D758C8E18}"
EndProject
Project("{9A19103F-16F7-4668-BE54-9A1E7A4F7556}") = "ExercicioSequencial02", "..\ExercicioSequencial2\ExercicioSequencial02.csproj", "{42A254CB-EED2-48F7-BEFE-E63B77EF85B5}"
EndProject
Project("{9A19103F-16F7-4668-BE54-9A1E7A4F7556}") = "ExercicioSequencial03", "..\ExercicioSequencial3\ExercicioSequencial03.csproj", "{1FC8EBC1-B02F-4D77-9DDB-0BC082724A38}"
EndProject
Project("{9A19103F-16F7-4668-BE54-9A1E7A4F7556}") = "ExercicioSequencial04", "..\ExercicioSequencial4\ExercicioSequencial04.csproj", "{22CC9F41-5064-4647-9410-E70DA2A1A7EB}"
EndProject
Project("{9A19103F-16F7-4668-BE54-9A1E7A4F7556}") = "ExercicioSequencial05", "..\ExercicioSequencial5\ExercicioSequencial05.csproj", "{1179EA89-1C39-40C8-8D6D-DABE71D2C987}"
EndProject
Project("{9A19103F-16F7-4668-BE54-9A1E7A4F7556}") = "ExercicioSequencial06", "..\ExercicioSequencial6\ExercicioSequencial06.csproj", "{10EA4E26-955A-4887-8C9B-7ABD57A27DFC}"
EndProject
Project("{9A19103F-16F7-4668-BE54-9A1E7A4F7556}") = "ExercicioSequencial07", "..\ExercicioSequencial7\ExercicioSequencial07.csproj", "{FBD509B2-3C8B-4DF9-B722-E98EF378A3B2}"
EndProject
Project("{9A19103F-16F7-4668-BE54-9A1E7A4F7556}") = "ExercicioSequencial08", "..\ExercicioSequencial8\ExercicioSequencial08.csproj", "{77B71568-1D3F-44D3-A8F3-50D52713C402}"
EndProject
Project("{9A19103F-16F7-4668-BE54-9A1E7A4F7556}") = "ExercicioSequencial09", "..\ExercicioSequencial9\ExercicioSequencial09.csproj", "{A0B848C2-7D41-44FC-80EF-0DA959E72F73}"
EndProject
Project("{9A19103F-16F7-4668-BE54-9A1E7A4F7556}") = "ExercicioSequencial10", "..\ExercicioSequencial10\ExercicioSequencial10.csproj", "{82E59D4B-580D-4B0A-BDAD-107250A61AFA}"
EndProject
Project("{9A19103F-16F7-4668-BE54-9A1E7A4F7556}") = "ExercicioSequencial11", "..\ExercicioSequencial11\ExercicioSequencial11.csproj", "{6E505D8C-D367-4552-8A4F-196061963ABD}"
EndProject
Project("{9A19103F-16F7-4668-BE54-9A1E7A4F7556}") = "ExercicioSequencial12", "..\ExercicioSequencial12\ExercicioSequencial12.csproj", "{343308AA-0181-4062-BF25-6A9C72D40F14}"
EndProject
Project("{9A19103F-16F7-4668-BE54-9A1E7A4F7556}") = "ExercicioSequencial13", "..\ExercicioSequencial13\ExercicioSequencial13.csproj", "{BF9F2B0F-F442-496A-93CF-0B9482F0FE6E}"
EndProject
Project("{2150E333-8FDC-42A3-9474-1A3956D46DE8}") = "ExercicioSeleção", "ExercicioSeleção", "{377F315D-BF53-4E71-B08B-3AF6DEF52D9B}"
EndProject
Project("{9A19103F-16F7-4668-BE54-9A1E7A4F7556}") = "ExercicioSeleção01", "..\ExercicioSeleção1\ExercicioSeleção01.csproj", "{36B0FBC5-5EEA-43C5-B54C-FEA1B35DD4A1}"
EndProject
Project("{9A19103F-16F7-4668-BE54-9A1E7A4F7556}") = "ExercicioSeleção02", "..\ExercicioSeleção2\ExercicioSeleção02.csproj", "{4727B724-BA73-4866-AE31-A1F370F3DFE5}"
EndProject
Project("{9A19103F-16F7-4668-BE54-9A1E7A4F7556}") = "ExercicioSeleção03", "..\ExercicioSeleção3\ExercicioSeleção03.csproj", "{18386D15-4D35-43CA-A3C4-9301F3CD1546}"
EndProject
Project("{9A19103F-16F7-4668-BE54-9A1E7A4F7556}") = "ExercicioSeleção04", "..\ExercicioSeleção4\ExercicioSeleção04.csproj", "{003F7456-B04B-4F37-9A4D-F837A598E8E5}"
EndProject
Project("{9A19103F-16F7-4668-BE54-9A1E7A4F7556}") = "ExercicioSeleção05", "..\ExercicioSeleção5\ExercicioSeleção05.csproj", "{33A36F11-0F20-4986-82A2-F5D8C83CB7BE}"
EndProject
Project("{9A19103F-16F7-4668-BE54-9A1E7A4F7556}") = "ExercicioSeleção06", "..\ExercicioSeleção6\ExercicioSeleção06.csproj", "{3B807157-A3F2-4A1D-AA10-9838999B6A33}"
EndProject
Project("{9A19103F-16F7-4668-BE54-9A1E7A4F7556}") = "ExercicioSeleção07", "..\ExercicioSeleção7\ExercicioSeleção07.csproj", "{4257C53E-B680-480A-BE08-D48B17E2FDFF}"
EndProject
Project("{9A19103F-16F7-4668-BE54-9A1E7A4F7556}") = "ExercicioSeleção08", "..\ExercicioSeleção8\ExercicioSeleção08.csproj", "{D5177058-C80A-457D-8803-629D91FBCE48}"
EndProject
Project("{9A19103F-16F7-4668-BE54-9A1E7A4F7556}") = "ExercicioSeleção09", "..\ExercicioSeleção9\ExercicioSeleção09.csproj", "{77AFF7F6-30F8-4E28-A7A0-E0F5375E6532}"
EndProject
Project("{9A19103F-16F7-4668-BE54-9A1E7A4F7556}") = "ExercicioSeleção10", "..\ExercicioSeleção10\ExercicioSeleção10.csproj", "{B3CA88A5-8CCE-47BD-9CF8-ABC953440B17}"
EndProject
Project("{9A19103F-16F7-4668-BE54-9A1E7A4F7556}") = "ExercicioSeleção11", "..\ExercicioSeleção11\ExercicioSeleção11.csproj", "{D3E5E3D6-DEBE-4F9F-A859-7CB89DFEFFC3}"
EndProject
Project("{9A19103F-16F7-4668-BE54-9A1E7A4F7556}") = "ExercicioSeleção12", "..\ExercicioSeleção12\ExercicioSeleção12.csproj", "{3E96AF02-A5CF-4549-B51C-9FF3F96EA368}"
EndProject
Project("{9A19103F-16F7-4668-BE54-9A1E7A4F7556}") = "ExercicioSeleção13", "..\ExercicioSeleção13\ExercicioSeleção13.csproj", "{6CADB684-E63E-4387-A06B-B18D576C8EA9}"
EndProject
Project("{9A19103F-16F7-4668-BE54-9A1E7A4F7556}") = "ExercicioSeleção14", "..\ExercicioSeleção14\ExercicioSeleção14.csproj", "{261BBBA9-61CD-44FD-A0C9-A153750702F0}"
EndProject
Project("{9A19103F-16F7-4668-BE54-9A1E7A4F7556}") = "ExercicioSeleção15", "..\ExercicioSeleção15\ExercicioSeleção15.csproj", "{AF4F91FA-1DF5-43C4-828D-8E415D978808}"
EndProject
Project("{9A19103F-16F7-4668-BE54-9A1E7A4F7556}") = "ExercicioSeleção16", "..\ExercicioSeleção16\ExercicioSeleção16.csproj", "{049DC69A-3F6F-4847-84BC-9507676AB0FD}"
EndProject
Project("{9A19103F-16F7-4668-BE54-9A1E7A4F7556}") = "ExercicioSeleção17", "..\ExercicioSeleção17\ExercicioSeleção17.csproj", "{51A68E18-7248-4F94-8BB2-8DA3F8F50F97}"
EndProject
Project("{9A19103F-16F7-4668-BE54-9A1E7A4F7556}") = "ExercicioSeleção18", "..\ExercicioSeleção18\ExercicioSeleção18.csproj", "{97C52936-F02D-42C5-841B-91610E71CD7E}"
EndProject
Project("{9A19103F-16F7-4668-BE54-9A1E7A4F7556}") = "ExercicioSeleção19", "..\ExercicioSeleção19\ExercicioSeleção19.csproj", "{14DFB3B0-FEAE-49B0-ABD8-15BF376C79AE}"
EndProject
Project("{9A19103F-16F7-4668-BE54-9A1E7A4F7556}") = "ExercicioSeleção20", "..\ExercicioSeleção20\ExercicioSeleção20.csproj", "{1023A7F8-282C-472A-9130-F1A02E73D7F8}"
EndProject
Project("{9A19103F-16F7-4668-BE54-9A1E7A4F7556}") = "ExercicioSeleção21", "..\ExercicioSeleção21\ExercicioSeleção21.csproj", "{F4C8EC6F-922A-4A7A-BFD9-A375D1E8039A}"
EndProject
Project("{2150E333-8FDC-42A3-9474-1A3956D46DE8}") = "ExercicioRepetiçaoPT2", "ExercicioRepetiçaoPT2", "{DBBD810F-EFFA-4EB8-B620-F6B2D7BB458D}"
EndProject
Project("{9A19103F-16F7-4668-BE54-9A1E7A4F7556}") = "ExercicioRepetição01", "..\ExercicioRepetição01\ExercicioRepetição01.csproj", "{5B268AE0-69BF-4CC6-AB48-B6000ADA7060}"
EndProject
Project("{9A19103F-16F7-4668-BE54-9A1E7A4F7556}") = "ExercicioRepetição02", "..\ExercicioRepetição02\ExercicioRepetição02.csproj", "{3FC70185-DADC-4258-929F-C6301FA5A092}"
EndProject
Project("{9A19103F-16F7-4668-BE54-9A1E7A4F7556}") = "ExercicioRepetição03", "..\ExercicioRepetição03\ExercicioRepetição03.csproj", "{0DC237EA-5A3F-49E8-B1FE-B789E1BDB026}"
EndProject
Project("{9A19103F-16F7-4668-BE54-9A1E7A4F7556}") = "ExercicioRepetição04", "..\ExercicioRepetição04\ExercicioRepetição04.csproj", "{FF12FC62-6771-4166-80A6-8752040F2247}"
EndProject
Project("{9A19103F-16F7-4668-BE54-9A1E7A4F7556}") = "ExercicioRepetição05", "..\ExercicioRepetição05\ExercicioRepetição05.csproj", "{8009D54E-D994-49FF-A51F-11B1BC3D5EF2}"
EndProject
Project("{9A19103F-16F7-4668-BE54-9A1E7A4F7556}") = "ExercicioRepetição06", "..\ExercicioRepetição06\ExercicioRepetição06.csproj", "{22EDD264-7226-4DA3-9F50-B6F5497F8316}"
EndProject
Project("{9A19103F-16F7-4668-BE54-9A1E7A4F7556}") = "ExercicioRepetição07", "..\ExercicioRepetição07\ExercicioRepetição07.csproj", "{2B7A7E44-B7C4-46A7-8018-29C27E76B49C}"
EndProject
Project("{9A19103F-16F7-4668-BE54-9A1E7A4F7556}") = "ExercicioRepetição08", "..\ExercicioRepetição08\ExercicioRepetição08.csproj", "{A5745186-376C-4D02-8C07-B92F1085DB28}"
EndProject
Project("{9A19103F-16F7-4668-BE54-9A1E7A4F7556}") = "ExercicioRepetição09", "..\ExercicioRepetição09\ExercicioRepetição09.csproj", "{64CD5A87-3E6B-4119-922F-29BD6A085D18}"
EndProject
Project("{9A19103F-16F7-4668-BE54-9A1E7A4F7556}") = "ExercicioRepetição10", "..\ExercicioRepetição10\ExercicioRepetição10.csproj", "{D7AA4205-5637-453E-BE4C-51B4BEB24E1D}"
EndProject
Project("{9A19103F-16F7-4668-BE54-9A1E7A4F7556}") = "ExercicioRepetição11", "..\ExercicioRepetição11\ExercicioRepetição11.csproj", "{33B8BF2D-7779-4A3B-9ABD-80F225340458}"
EndProject
Project("{9A19103F-16F7-4668-BE54-9A1E7A4F7556}") = "ExercicioRepetição12", "..\ExercicioRepetição12\ExercicioRepetição12.csproj", "{B7A2AAA5-01C4-43C7-AAAE-A39485D641E6}"
EndProject
Project("{9A19103F-16F7-4668-BE54-9A1E7A4F7556}") = "ExercicioRepetição13", "..\ExercicioRepetição13\ExercicioRepetição13.csproj", "{4D2AD14A-BD4C-4FD5-81EF-B5BD5D11BF73}"
EndProject
Project("{9A19103F-16F7-4668-BE54-9A1E7A4F7556}") = "ExercicioRepetição14", "..\ExercicioRepetição14\ExercicioRepetição14.csproj", "{E2A332CD-0AEA-47D8-8C19-3EF080EEC888}"
EndProject
Project("{9A19103F-16F7-4668-BE54-9A1E7A4F7556}") = "ExercicioRepetição15", "..\ExercicioRepetição15\ExercicioRepetição15.csproj", "{9D7F6E10-8320-4DAD-B412-E3C1D2E24857}"
EndProject
Project("{9A19103F-16F7-4668-BE54-9A1E7A4F7556}") = "ExercicioRepetição16", "..\ExercicioRepetição16\ExercicioRepetição16.csproj", "{A47A44C4-02FE-43C7-95EE-2AA766EA09EC}"
EndProject
Project("{9A19103F-16F7-4668-BE54-9A1E7A4F7556}") = "ExercicioRepetição17", "..\ExercicioRepetição17\ExercicioRepetição17.csproj", "{BF8B1975-5B1D-4B34-BC0C-E5B33BBEBA70}"
EndProject
Project("{9A19103F-16F7-4668-BE54-9A1E7A4F7556}") = "ExercicioRepetição18", "..\ExercicioRepetição18\ExercicioRepetição18.csproj", "{CF2F9106-644F-48F5-99C7-BAE088250C4E}"
EndProject
Project("{9A19103F-16F7-4668-BE54-9A1E7A4F7556}") = "ExercicioRepetição19", "..\ExercicioRepetição19\ExercicioRepetição19.csproj", "{D7D05220-F612-41BA-BADC-A8CFFB1C9278}"
EndProject
Project("{9A19103F-16F7-4668-BE54-9A1E7A4F7556}") = "ExercicioRepetição20", "..\ExercicioRepetição20\ExercicioRepetição20.csproj", "{3D3805E9-AE2B-4381-AD9B-573D16B04540}"
EndProject
Global
	GlobalSection(SolutionConfigurationPlatforms) = preSolution
		Debug|Any CPU = Debug|Any CPU
		Release|Any CPU = Release|Any CPU
	EndGlobalSection
	GlobalSection(ProjectConfigurationPlatforms) = postSolution
		{EB9C3D19-D67C-496E-8C3C-73EFA5B66732}.Debug|Any CPU.ActiveCfg = Debug|Any CPU
		{EB9C3D19-D67C-496E-8C3C-73EFA5B66732}.Debug|Any CPU.Build.0 = Debug|Any CPU
		{EB9C3D19-D67C-496E-8C3C-73EFA5B66732}.Release|Any CPU.ActiveCfg = Release|Any CPU
		{EB9C3D19-D67C-496E-8C3C-73EFA5B66732}.Release|Any CPU.Build.0 = Release|Any CPU
		{3615B72F-0354-4C5C-8B0E-1237AC7FFB85}.Debug|Any CPU.ActiveCfg = Debug|Any CPU
		{3615B72F-0354-4C5C-8B0E-1237AC7FFB85}.Debug|Any CPU.Build.0 = Debug|Any CPU
		{3615B72F-0354-4C5C-8B0E-1237AC7FFB85}.Release|Any CPU.ActiveCfg = Release|Any CPU
		{3615B72F-0354-4C5C-8B0E-1237AC7FFB85}.Release|Any CPU.Build.0 = Release|Any CPU
		{0FFC0D7C-82AD-454B-921E-68E23743AD4A}.Debug|Any CPU.ActiveCfg = Debug|Any CPU
		{0FFC0D7C-82AD-454B-921E-68E23743AD4A}.Debug|Any CPU.Build.0 = Debug|Any CPU
		{0FFC0D7C-82AD-454B-921E-68E23743AD4A}.Release|Any CPU.ActiveCfg = Release|Any CPU
		{0FFC0D7C-82AD-454B-921E-68E23743AD4A}.Release|Any CPU.Build.0 = Release|Any CPU
		{70202757-DE5E-42FC-AED0-884785C150F8}.Debug|Any CPU.ActiveCfg = Debug|Any CPU
		{70202757-DE5E-42FC-AED0-884785C150F8}.Debug|Any CPU.Build.0 = Debug|Any CPU
		{70202757-DE5E-42FC-AED0-884785C150F8}.Release|Any CPU.ActiveCfg = Release|Any CPU
		{70202757-DE5E-42FC-AED0-884785C150F8}.Release|Any CPU.Build.0 = Release|Any CPU
		{F255FC51-2E1C-48FB-B0F0-3A5B5AD4AB92}.Debug|Any CPU.ActiveCfg = Debug|Any CPU
		{F255FC51-2E1C-48FB-B0F0-3A5B5AD4AB92}.Debug|Any CPU.Build.0 = Debug|Any CPU
		{F255FC51-2E1C-48FB-B0F0-3A5B5AD4AB92}.Release|Any CPU.ActiveCfg = Release|Any CPU
		{F255FC51-2E1C-48FB-B0F0-3A5B5AD4AB92}.Release|Any CPU.Build.0 = Release|Any CPU
		{63F7AD63-ED75-4F81-AFD7-B03389E97EE5}.Debug|Any CPU.ActiveCfg = Debug|Any CPU
		{63F7AD63-ED75-4F81-AFD7-B03389E97EE5}.Debug|Any CPU.Build.0 = Debug|Any CPU
		{63F7AD63-ED75-4F81-AFD7-B03389E97EE5}.Release|Any CPU.ActiveCfg = Release|Any CPU
		{63F7AD63-ED75-4F81-AFD7-B03389E97EE5}.Release|Any CPU.Build.0 = Release|Any CPU
		{71A402B5-566F-465E-A409-33CC57D40D60}.Debug|Any CPU.ActiveCfg = Debug|Any CPU
		{71A402B5-566F-465E-A409-33CC57D40D60}.Debug|Any CPU.Build.0 = Debug|Any CPU
		{71A402B5-566F-465E-A409-33CC57D40D60}.Release|Any CPU.ActiveCfg = Release|Any CPU
		{71A402B5-566F-465E-A409-33CC57D40D60}.Release|Any CPU.Build.0 = Release|Any CPU
		{AE4B9F6A-5165-41F3-8316-F49D758C8E18}.Debug|Any CPU.ActiveCfg = Debug|Any CPU
		{AE4B9F6A-5165-41F3-8316-F49D758C8E18}.Debug|Any CPU.Build.0 = Debug|Any CPU
		{AE4B9F6A-5165-41F3-8316-F49D758C8E18}.Release|Any CPU.ActiveCfg = Release|Any CPU
		{AE4B9F6A-5165-41F3-8316-F49D758C8E18}.Release|Any CPU.Build.0 = Release|Any CPU
		{42A254CB-EED2-48F7-BEFE-E63B77EF85B5}.Debug|Any CPU.ActiveCfg = Debug|Any CPU
		{42A254CB-EED2-48F7-BEFE-E63B77EF85B5}.Debug|Any CPU.Build.0 = Debug|Any CPU
		{42A254CB-EED2-48F7-BEFE-E63B77EF85B5}.Release|Any CPU.ActiveCfg = Release|Any CPU
		{42A254CB-EED2-48F7-BEFE-E63B77EF85B5}.Release|Any CPU.Build.0 = Release|Any CPU
		{1FC8EBC1-B02F-4D77-9DDB-0BC082724A38}.Debug|Any CPU.ActiveCfg = Debug|Any CPU
		{1FC8EBC1-B02F-4D77-9DDB-0BC082724A38}.Debug|Any CPU.Build.0 = Debug|Any CPU
		{1FC8EBC1-B02F-4D77-9DDB-0BC082724A38}.Release|Any CPU.ActiveCfg = Release|Any CPU
		{1FC8EBC1-B02F-4D77-9DDB-0BC082724A38}.Release|Any CPU.Build.0 = Release|Any CPU
		{22CC9F41-5064-4647-9410-E70DA2A1A7EB}.Debug|Any CPU.ActiveCfg = Debug|Any CPU
		{22CC9F41-5064-4647-9410-E70DA2A1A7EB}.Debug|Any CPU.Build.0 = Debug|Any CPU
		{22CC9F41-5064-4647-9410-E70DA2A1A7EB}.Release|Any CPU.ActiveCfg = Release|Any CPU
		{22CC9F41-5064-4647-9410-E70DA2A1A7EB}.Release|Any CPU.Build.0 = Release|Any CPU
		{1179EA89-1C39-40C8-8D6D-DABE71D2C987}.Debug|Any CPU.ActiveCfg = Debug|Any CPU
		{1179EA89-1C39-40C8-8D6D-DABE71D2C987}.Debug|Any CPU.Build.0 = Debug|Any CPU
		{1179EA89-1C39-40C8-8D6D-DABE71D2C987}.Release|Any CPU.ActiveCfg = Release|Any CPU
		{1179EA89-1C39-40C8-8D6D-DABE71D2C987}.Release|Any CPU.Build.0 = Release|Any CPU
		{10EA4E26-955A-4887-8C9B-7ABD57A27DFC}.Debug|Any CPU.ActiveCfg = Debug|Any CPU
		{10EA4E26-955A-4887-8C9B-7ABD57A27DFC}.Debug|Any CPU.Build.0 = Debug|Any CPU
		{10EA4E26-955A-4887-8C9B-7ABD57A27DFC}.Release|Any CPU.ActiveCfg = Release|Any CPU
		{10EA4E26-955A-4887-8C9B-7ABD57A27DFC}.Release|Any CPU.Build.0 = Release|Any CPU
		{FBD509B2-3C8B-4DF9-B722-E98EF378A3B2}.Debug|Any CPU.ActiveCfg = Debug|Any CPU
		{FBD509B2-3C8B-4DF9-B722-E98EF378A3B2}.Debug|Any CPU.Build.0 = Debug|Any CPU
		{FBD509B2-3C8B-4DF9-B722-E98EF378A3B2}.Release|Any CPU.ActiveCfg = Release|Any CPU
		{FBD509B2-3C8B-4DF9-B722-E98EF378A3B2}.Release|Any CPU.Build.0 = Release|Any CPU
		{77B71568-1D3F-44D3-A8F3-50D52713C402}.Debug|Any CPU.ActiveCfg = Debug|Any CPU
		{77B71568-1D3F-44D3-A8F3-50D52713C402}.Debug|Any CPU.Build.0 = Debug|Any CPU
		{77B71568-1D3F-44D3-A8F3-50D52713C402}.Release|Any CPU.ActiveCfg = Release|Any CPU
		{77B71568-1D3F-44D3-A8F3-50D52713C402}.Release|Any CPU.Build.0 = Release|Any CPU
		{A0B848C2-7D41-44FC-80EF-0DA959E72F73}.Debug|Any CPU.ActiveCfg = Debug|Any CPU
		{A0B848C2-7D41-44FC-80EF-0DA959E72F73}.Debug|Any CPU.Build.0 = Debug|Any CPU
		{A0B848C2-7D41-44FC-80EF-0DA959E72F73}.Release|Any CPU.ActiveCfg = Release|Any CPU
		{A0B848C2-7D41-44FC-80EF-0DA959E72F73}.Release|Any CPU.Build.0 = Release|Any CPU
		{82E59D4B-580D-4B0A-BDAD-107250A61AFA}.Debug|Any CPU.ActiveCfg = Debug|Any CPU
		{82E59D4B-580D-4B0A-BDAD-107250A61AFA}.Debug|Any CPU.Build.0 = Debug|Any CPU
		{82E59D4B-580D-4B0A-BDAD-107250A61AFA}.Release|Any CPU.ActiveCfg = Release|Any CPU
		{82E59D4B-580D-4B0A-BDAD-107250A61AFA}.Release|Any CPU.Build.0 = Release|Any CPU
		{6E505D8C-D367-4552-8A4F-196061963ABD}.Debug|Any CPU.ActiveCfg = Debug|Any CPU
		{6E505D8C-D367-4552-8A4F-196061963ABD}.Debug|Any CPU.Build.0 = Debug|Any CPU
		{6E505D8C-D367-4552-8A4F-196061963ABD}.Release|Any CPU.ActiveCfg = Release|Any CPU
		{6E505D8C-D367-4552-8A4F-196061963ABD}.Release|Any CPU.Build.0 = Release|Any CPU
		{343308AA-0181-4062-BF25-6A9C72D40F14}.Debug|Any CPU.ActiveCfg = Debug|Any CPU
		{343308AA-0181-4062-BF25-6A9C72D40F14}.Debug|Any CPU.Build.0 = Debug|Any CPU
		{343308AA-0181-4062-BF25-6A9C72D40F14}.Release|Any CPU.ActiveCfg = Release|Any CPU
		{343308AA-0181-4062-BF25-6A9C72D40F14}.Release|Any CPU.Build.0 = Release|Any CPU
		{BF9F2B0F-F442-496A-93CF-0B9482F0FE6E}.Debug|Any CPU.ActiveCfg = Debug|Any CPU
		{BF9F2B0F-F442-496A-93CF-0B9482F0FE6E}.Debug|Any CPU.Build.0 = Debug|Any CPU
		{BF9F2B0F-F442-496A-93CF-0B9482F0FE6E}.Release|Any CPU.ActiveCfg = Release|Any CPU
		{BF9F2B0F-F442-496A-93CF-0B9482F0FE6E}.Release|Any CPU.Build.0 = Release|Any CPU
		{36B0FBC5-5EEA-43C5-B54C-FEA1B35DD4A1}.Debug|Any CPU.ActiveCfg = Debug|Any CPU
		{36B0FBC5-5EEA-43C5-B54C-FEA1B35DD4A1}.Debug|Any CPU.Build.0 = Debug|Any CPU
		{36B0FBC5-5EEA-43C5-B54C-FEA1B35DD4A1}.Release|Any CPU.ActiveCfg = Release|Any CPU
		{36B0FBC5-5EEA-43C5-B54C-FEA1B35DD4A1}.Release|Any CPU.Build.0 = Release|Any CPU
		{4727B724-BA73-4866-AE31-A1F370F3DFE5}.Debug|Any CPU.ActiveCfg = Debug|Any CPU
		{4727B724-BA73-4866-AE31-A1F370F3DFE5}.Debug|Any CPU.Build.0 = Debug|Any CPU
		{4727B724-BA73-4866-AE31-A1F370F3DFE5}.Release|Any CPU.ActiveCfg = Release|Any CPU
		{4727B724-BA73-4866-AE31-A1F370F3DFE5}.Release|Any CPU.Build.0 = Release|Any CPU
		{18386D15-4D35-43CA-A3C4-9301F3CD1546}.Debug|Any CPU.ActiveCfg = Debug|Any CPU
		{18386D15-4D35-43CA-A3C4-9301F3CD1546}.Debug|Any CPU.Build.0 = Debug|Any CPU
		{18386D15-4D35-43CA-A3C4-9301F3CD1546}.Release|Any CPU.ActiveCfg = Release|Any CPU
		{18386D15-4D35-43CA-A3C4-9301F3CD1546}.Release|Any CPU.Build.0 = Release|Any CPU
		{003F7456-B04B-4F37-9A4D-F837A598E8E5}.Debug|Any CPU.ActiveCfg = Debug|Any CPU
		{003F7456-B04B-4F37-9A4D-F837A598E8E5}.Debug|Any CPU.Build.0 = Debug|Any CPU
		{003F7456-B04B-4F37-9A4D-F837A598E8E5}.Release|Any CPU.ActiveCfg = Release|Any CPU
		{003F7456-B04B-4F37-9A4D-F837A598E8E5}.Release|Any CPU.Build.0 = Release|Any CPU
		{33A36F11-0F20-4986-82A2-F5D8C83CB7BE}.Debug|Any CPU.ActiveCfg = Debug|Any CPU
		{33A36F11-0F20-4986-82A2-F5D8C83CB7BE}.Debug|Any CPU.Build.0 = Debug|Any CPU
		{33A36F11-0F20-4986-82A2-F5D8C83CB7BE}.Release|Any CPU.ActiveCfg = Release|Any CPU
		{33A36F11-0F20-4986-82A2-F5D8C83CB7BE}.Release|Any CPU.Build.0 = Release|Any CPU
		{3B807157-A3F2-4A1D-AA10-9838999B6A33}.Debug|Any CPU.ActiveCfg = Debug|Any CPU
		{3B807157-A3F2-4A1D-AA10-9838999B6A33}.Debug|Any CPU.Build.0 = Debug|Any CPU
		{3B807157-A3F2-4A1D-AA10-9838999B6A33}.Release|Any CPU.ActiveCfg = Release|Any CPU
		{3B807157-A3F2-4A1D-AA10-9838999B6A33}.Release|Any CPU.Build.0 = Release|Any CPU
		{4257C53E-B680-480A-BE08-D48B17E2FDFF}.Debug|Any CPU.ActiveCfg = Debug|Any CPU
		{4257C53E-B680-480A-BE08-D48B17E2FDFF}.Debug|Any CPU.Build.0 = Debug|Any CPU
		{4257C53E-B680-480A-BE08-D48B17E2FDFF}.Release|Any CPU.ActiveCfg = Release|Any CPU
		{4257C53E-B680-480A-BE08-D48B17E2FDFF}.Release|Any CPU.Build.0 = Release|Any CPU
		{D5177058-C80A-457D-8803-629D91FBCE48}.Debug|Any CPU.ActiveCfg = Debug|Any CPU
		{D5177058-C80A-457D-8803-629D91FBCE48}.Debug|Any CPU.Build.0 = Debug|Any CPU
		{D5177058-C80A-457D-8803-629D91FBCE48}.Release|Any CPU.ActiveCfg = Release|Any CPU
		{D5177058-C80A-457D-8803-629D91FBCE48}.Release|Any CPU.Build.0 = Release|Any CPU
		{77AFF7F6-30F8-4E28-A7A0-E0F5375E6532}.Debug|Any CPU.ActiveCfg = Debug|Any CPU
		{77AFF7F6-30F8-4E28-A7A0-E0F5375E6532}.Debug|Any CPU.Build.0 = Debug|Any CPU
		{77AFF7F6-30F8-4E28-A7A0-E0F5375E6532}.Release|Any CPU.ActiveCfg = Release|Any CPU
		{77AFF7F6-30F8-4E28-A7A0-E0F5375E6532}.Release|Any CPU.Build.0 = Release|Any CPU
		{B3CA88A5-8CCE-47BD-9CF8-ABC953440B17}.Debug|Any CPU.ActiveCfg = Debug|Any CPU
		{B3CA88A5-8CCE-47BD-9CF8-ABC953440B17}.Debug|Any CPU.Build.0 = Debug|Any CPU
		{B3CA88A5-8CCE-47BD-9CF8-ABC953440B17}.Release|Any CPU.ActiveCfg = Release|Any CPU
		{B3CA88A5-8CCE-47BD-9CF8-ABC953440B17}.Release|Any CPU.Build.0 = Release|Any CPU
		{D3E5E3D6-DEBE-4F9F-A859-7CB89DFEFFC3}.Debug|Any CPU.ActiveCfg = Debug|Any CPU
		{D3E5E3D6-DEBE-4F9F-A859-7CB89DFEFFC3}.Debug|Any CPU.Build.0 = Debug|Any CPU
		{D3E5E3D6-DEBE-4F9F-A859-7CB89DFEFFC3}.Release|Any CPU.ActiveCfg = Release|Any CPU
		{D3E5E3D6-DEBE-4F9F-A859-7CB89DFEFFC3}.Release|Any CPU.Build.0 = Release|Any CPU
		{3E96AF02-A5CF-4549-B51C-9FF3F96EA368}.Debug|Any CPU.ActiveCfg = Debug|Any CPU
		{3E96AF02-A5CF-4549-B51C-9FF3F96EA368}.Debug|Any CPU.Build.0 = Debug|Any CPU
		{3E96AF02-A5CF-4549-B51C-9FF3F96EA368}.Release|Any CPU.ActiveCfg = Release|Any CPU
		{3E96AF02-A5CF-4549-B51C-9FF3F96EA368}.Release|Any CPU.Build.0 = Release|Any CPU
		{6CADB684-E63E-4387-A06B-B18D576C8EA9}.Debug|Any CPU.ActiveCfg = Debug|Any CPU
		{6CADB684-E63E-4387-A06B-B18D576C8EA9}.Debug|Any CPU.Build.0 = Debug|Any CPU
		{6CADB684-E63E-4387-A06B-B18D576C8EA9}.Release|Any CPU.ActiveCfg = Release|Any CPU
		{6CADB684-E63E-4387-A06B-B18D576C8EA9}.Release|Any CPU.Build.0 = Release|Any CPU
		{261BBBA9-61CD-44FD-A0C9-A153750702F0}.Debug|Any CPU.ActiveCfg = Debug|Any CPU
		{261BBBA9-61CD-44FD-A0C9-A153750702F0}.Debug|Any CPU.Build.0 = Debug|Any CPU
		{261BBBA9-61CD-44FD-A0C9-A153750702F0}.Release|Any CPU.ActiveCfg = Release|Any CPU
		{261BBBA9-61CD-44FD-A0C9-A153750702F0}.Release|Any CPU.Build.0 = Release|Any CPU
		{AF4F91FA-1DF5-43C4-828D-8E415D978808}.Debug|Any CPU.ActiveCfg = Debug|Any CPU
		{AF4F91FA-1DF5-43C4-828D-8E415D978808}.Debug|Any CPU.Build.0 = Debug|Any CPU
		{AF4F91FA-1DF5-43C4-828D-8E415D978808}.Release|Any CPU.ActiveCfg = Release|Any CPU
		{AF4F91FA-1DF5-43C4-828D-8E415D978808}.Release|Any CPU.Build.0 = Release|Any CPU
		{049DC69A-3F6F-4847-84BC-9507676AB0FD}.Debug|Any CPU.ActiveCfg = Debug|Any CPU
		{049DC69A-3F6F-4847-84BC-9507676AB0FD}.Debug|Any CPU.Build.0 = Debug|Any CPU
		{049DC69A-3F6F-4847-84BC-9507676AB0FD}.Release|Any CPU.ActiveCfg = Release|Any CPU
		{049DC69A-3F6F-4847-84BC-9507676AB0FD}.Release|Any CPU.Build.0 = Release|Any CPU
		{51A68E18-7248-4F94-8BB2-8DA3F8F50F97}.Debug|Any CPU.ActiveCfg = Debug|Any CPU
		{51A68E18-7248-4F94-8BB2-8DA3F8F50F97}.Debug|Any CPU.Build.0 = Debug|Any CPU
		{51A68E18-7248-4F94-8BB2-8DA3F8F50F97}.Release|Any CPU.ActiveCfg = Release|Any CPU
		{51A68E18-7248-4F94-8BB2-8DA3F8F50F97}.Release|Any CPU.Build.0 = Release|Any CPU
		{97C52936-F02D-42C5-841B-91610E71CD7E}.Debug|Any CPU.ActiveCfg = Debug|Any CPU
		{97C52936-F02D-42C5-841B-91610E71CD7E}.Debug|Any CPU.Build.0 = Debug|Any CPU
		{97C52936-F02D-42C5-841B-91610E71CD7E}.Release|Any CPU.ActiveCfg = Release|Any CPU
		{97C52936-F02D-42C5-841B-91610E71CD7E}.Release|Any CPU.Build.0 = Release|Any CPU
		{14DFB3B0-FEAE-49B0-ABD8-15BF376C79AE}.Debug|Any CPU.ActiveCfg = Debug|Any CPU
		{14DFB3B0-FEAE-49B0-ABD8-15BF376C79AE}.Debug|Any CPU.Build.0 = Debug|Any CPU
		{14DFB3B0-FEAE-49B0-ABD8-15BF376C79AE}.Release|Any CPU.ActiveCfg = Release|Any CPU
		{14DFB3B0-FEAE-49B0-ABD8-15BF376C79AE}.Release|Any CPU.Build.0 = Release|Any CPU
		{1023A7F8-282C-472A-9130-F1A02E73D7F8}.Debug|Any CPU.ActiveCfg = Debug|Any CPU
		{1023A7F8-282C-472A-9130-F1A02E73D7F8}.Debug|Any CPU.Build.0 = Debug|Any CPU
		{1023A7F8-282C-472A-9130-F1A02E73D7F8}.Release|Any CPU.ActiveCfg = Release|Any CPU
		{1023A7F8-282C-472A-9130-F1A02E73D7F8}.Release|Any CPU.Build.0 = Release|Any CPU
		{F4C8EC6F-922A-4A7A-BFD9-A375D1E8039A}.Debug|Any CPU.ActiveCfg = Debug|Any CPU
		{F4C8EC6F-922A-4A7A-BFD9-A375D1E8039A}.Debug|Any CPU.Build.0 = Debug|Any CPU
		{F4C8EC6F-922A-4A7A-BFD9-A375D1E8039A}.Release|Any CPU.ActiveCfg = Release|Any CPU
		{F4C8EC6F-922A-4A7A-BFD9-A375D1E8039A}.Release|Any CPU.Build.0 = Release|Any CPU
		{5B268AE0-69BF-4CC6-AB48-B6000ADA7060}.Debug|Any CPU.ActiveCfg = Debug|Any CPU
		{5B268AE0-69BF-4CC6-AB48-B6000ADA7060}.Debug|Any CPU.Build.0 = Debug|Any CPU
		{5B268AE0-69BF-4CC6-AB48-B6000ADA7060}.Release|Any CPU.ActiveCfg = Release|Any CPU
		{5B268AE0-69BF-4CC6-AB48-B6000ADA7060}.Release|Any CPU.Build.0 = Release|Any CPU
		{3FC70185-DADC-4258-929F-C6301FA5A092}.Debug|Any CPU.ActiveCfg = Debug|Any CPU
		{3FC70185-DADC-4258-929F-C6301FA5A092}.Debug|Any CPU.Build.0 = Debug|Any CPU
		{3FC70185-DADC-4258-929F-C6301FA5A092}.Release|Any CPU.ActiveCfg = Release|Any CPU
		{3FC70185-DADC-4258-929F-C6301FA5A092}.Release|Any CPU.Build.0 = Release|Any CPU
		{0DC237EA-5A3F-49E8-B1FE-B789E1BDB026}.Debug|Any CPU.ActiveCfg = Debug|Any CPU
		{0DC237EA-5A3F-49E8-B1FE-B789E1BDB026}.Debug|Any CPU.Build.0 = Debug|Any CPU
		{0DC237EA-5A3F-49E8-B1FE-B789E1BDB026}.Release|Any CPU.ActiveCfg = Release|Any CPU
		{0DC237EA-5A3F-49E8-B1FE-B789E1BDB026}.Release|Any CPU.Build.0 = Release|Any CPU
		{FF12FC62-6771-4166-80A6-8752040F2247}.Debug|Any CPU.ActiveCfg = Debug|Any CPU
		{FF12FC62-6771-4166-80A6-8752040F2247}.Debug|Any CPU.Build.0 = Debug|Any CPU
		{FF12FC62-6771-4166-80A6-8752040F2247}.Release|Any CPU.ActiveCfg = Release|Any CPU
		{FF12FC62-6771-4166-80A6-8752040F2247}.Release|Any CPU.Build.0 = Release|Any CPU
		{8009D54E-D994-49FF-A51F-11B1BC3D5EF2}.Debug|Any CPU.ActiveCfg = Debug|Any CPU
		{8009D54E-D994-49FF-A51F-11B1BC3D5EF2}.Debug|Any CPU.Build.0 = Debug|Any CPU
		{8009D54E-D994-49FF-A51F-11B1BC3D5EF2}.Release|Any CPU.ActiveCfg = Release|Any CPU
		{8009D54E-D994-49FF-A51F-11B1BC3D5EF2}.Release|Any CPU.Build.0 = Release|Any CPU
		{22EDD264-7226-4DA3-9F50-B6F5497F8316}.Debug|Any CPU.ActiveCfg = Debug|Any CPU
		{22EDD264-7226-4DA3-9F50-B6F5497F8316}.Debug|Any CPU.Build.0 = Debug|Any CPU
		{22EDD264-7226-4DA3-9F50-B6F5497F8316}.Release|Any CPU.ActiveCfg = Release|Any CPU
		{22EDD264-7226-4DA3-9F50-B6F5497F8316}.Release|Any CPU.Build.0 = Release|Any CPU
		{2B7A7E44-B7C4-46A7-8018-29C27E76B49C}.Debug|Any CPU.ActiveCfg = Debug|Any CPU
		{2B7A7E44-B7C4-46A7-8018-29C27E76B49C}.Debug|Any CPU.Build.0 = Debug|Any CPU
		{2B7A7E44-B7C4-46A7-8018-29C27E76B49C}.Release|Any CPU.ActiveCfg = Release|Any CPU
		{2B7A7E44-B7C4-46A7-8018-29C27E76B49C}.Release|Any CPU.Build.0 = Release|Any CPU
		{A5745186-376C-4D02-8C07-B92F1085DB28}.Debug|Any CPU.ActiveCfg = Debug|Any CPU
		{A5745186-376C-4D02-8C07-B92F1085DB28}.Debug|Any CPU.Build.0 = Debug|Any CPU
		{A5745186-376C-4D02-8C07-B92F1085DB28}.Release|Any CPU.ActiveCfg = Release|Any CPU
		{A5745186-376C-4D02-8C07-B92F1085DB28}.Release|Any CPU.Build.0 = Release|Any CPU
		{64CD5A87-3E6B-4119-922F-29BD6A085D18}.Debug|Any CPU.ActiveCfg = Debug|Any CPU
		{64CD5A87-3E6B-4119-922F-29BD6A085D18}.Debug|Any CPU.Build.0 = Debug|Any CPU
		{64CD5A87-3E6B-4119-922F-29BD6A085D18}.Release|Any CPU.ActiveCfg = Release|Any CPU
		{64CD5A87-3E6B-4119-922F-29BD6A085D18}.Release|Any CPU.Build.0 = Release|Any CPU
		{D7AA4205-5637-453E-BE4C-51B4BEB24E1D}.Debug|Any CPU.ActiveCfg = Debug|Any CPU
		{D7AA4205-5637-453E-BE4C-51B4BEB24E1D}.Debug|Any CPU.Build.0 = Debug|Any CPU
		{D7AA4205-5637-453E-BE4C-51B4BEB24E1D}.Release|Any CPU.ActiveCfg = Release|Any CPU
		{D7AA4205-5637-453E-BE4C-51B4BEB24E1D}.Release|Any CPU.Build.0 = Release|Any CPU
		{33B8BF2D-7779-4A3B-9ABD-80F225340458}.Debug|Any CPU.ActiveCfg = Debug|Any CPU
		{33B8BF2D-7779-4A3B-9ABD-80F225340458}.Debug|Any CPU.Build.0 = Debug|Any CPU
		{33B8BF2D-7779-4A3B-9ABD-80F225340458}.Release|Any CPU.ActiveCfg = Release|Any CPU
		{33B8BF2D-7779-4A3B-9ABD-80F225340458}.Release|Any CPU.Build.0 = Release|Any CPU
		{B7A2AAA5-01C4-43C7-AAAE-A39485D641E6}.Debug|Any CPU.ActiveCfg = Debug|Any CPU
		{B7A2AAA5-01C4-43C7-AAAE-A39485D641E6}.Debug|Any CPU.Build.0 = Debug|Any CPU
		{B7A2AAA5-01C4-43C7-AAAE-A39485D641E6}.Release|Any CPU.ActiveCfg = Release|Any CPU
		{B7A2AAA5-01C4-43C7-AAAE-A39485D641E6}.Release|Any CPU.Build.0 = Release|Any CPU
		{4D2AD14A-BD4C-4FD5-81EF-B5BD5D11BF73}.Debug|Any CPU.ActiveCfg = Debug|Any CPU
		{4D2AD14A-BD4C-4FD5-81EF-B5BD5D11BF73}.Debug|Any CPU.Build.0 = Debug|Any CPU
		{4D2AD14A-BD4C-4FD5-81EF-B5BD5D11BF73}.Release|Any CPU.ActiveCfg = Release|Any CPU
		{4D2AD14A-BD4C-4FD5-81EF-B5BD5D11BF73}.Release|Any CPU.Build.0 = Release|Any CPU
		{E2A332CD-0AEA-47D8-8C19-3EF080EEC888}.Debug|Any CPU.ActiveCfg = Debug|Any CPU
		{E2A332CD-0AEA-47D8-8C19-3EF080EEC888}.Debug|Any CPU.Build.0 = Debug|Any CPU
		{E2A332CD-0AEA-47D8-8C19-3EF080EEC888}.Release|Any CPU.ActiveCfg = Release|Any CPU
		{E2A332CD-0AEA-47D8-8C19-3EF080EEC888}.Release|Any CPU.Build.0 = Release|Any CPU
		{9D7F6E10-8320-4DAD-B412-E3C1D2E24857}.Debug|Any CPU.ActiveCfg = Debug|Any CPU
		{9D7F6E10-8320-4DAD-B412-E3C1D2E24857}.Debug|Any CPU.Build.0 = Debug|Any CPU
		{9D7F6E10-8320-4DAD-B412-E3C1D2E24857}.Release|Any CPU.ActiveCfg = Release|Any CPU
		{9D7F6E10-8320-4DAD-B412-E3C1D2E24857}.Release|Any CPU.Build.0 = Release|Any CPU
		{A47A44C4-02FE-43C7-95EE-2AA766EA09EC}.Debug|Any CPU.ActiveCfg = Debug|Any CPU
		{A47A44C4-02FE-43C7-95EE-2AA766EA09EC}.Debug|Any CPU.Build.0 = Debug|Any CPU
		{A47A44C4-02FE-43C7-95EE-2AA766EA09EC}.Release|Any CPU.ActiveCfg = Release|Any CPU
		{A47A44C4-02FE-43C7-95EE-2AA766EA09EC}.Release|Any CPU.Build.0 = Release|Any CPU
		{BF8B1975-5B1D-4B34-BC0C-E5B33BBEBA70}.Debug|Any CPU.ActiveCfg = Debug|Any CPU
		{BF8B1975-5B1D-4B34-BC0C-E5B33BBEBA70}.Debug|Any CPU.Build.0 = Debug|Any CPU
		{BF8B1975-5B1D-4B34-BC0C-E5B33BBEBA70}.Release|Any CPU.ActiveCfg = Release|Any CPU
		{BF8B1975-5B1D-4B34-BC0C-E5B33BBEBA70}.Release|Any CPU.Build.0 = Release|Any CPU
		{CF2F9106-644F-48F5-99C7-BAE088250C4E}.Debug|Any CPU.ActiveCfg = Debug|Any CPU
		{CF2F9106-644F-48F5-99C7-BAE088250C4E}.Debug|Any CPU.Build.0 = Debug|Any CPU
		{CF2F9106-644F-48F5-99C7-BAE088250C4E}.Release|Any CPU.ActiveCfg = Release|Any CPU
		{CF2F9106-644F-48F5-99C7-BAE088250C4E}.Release|Any CPU.Build.0 = Release|Any CPU
		{D7D05220-F612-41BA-BADC-A8CFFB1C9278}.Debug|Any CPU.ActiveCfg = Debug|Any CPU
		{D7D05220-F612-41BA-BADC-A8CFFB1C9278}.Debug|Any CPU.Build.0 = Debug|Any CPU
		{D7D05220-F612-41BA-BADC-A8CFFB1C9278}.Release|Any CPU.ActiveCfg = Release|Any CPU
		{D7D05220-F612-41BA-BADC-A8CFFB1C9278}.Release|Any CPU.Build.0 = Release|Any CPU
		{3D3805E9-AE2B-4381-AD9B-573D16B04540}.Debug|Any CPU.ActiveCfg = Debug|Any CPU
		{3D3805E9-AE2B-4381-AD9B-573D16B04540}.Debug|Any CPU.Build.0 = Debug|Any CPU
		{3D3805E9-AE2B-4381-AD9B-573D16B04540}.Release|Any CPU.ActiveCfg = Release|Any CPU
		{3D3805E9-AE2B-4381-AD9B-573D16B04540}.Release|Any CPU.Build.0 = Release|Any CPU
	EndGlobalSection
	GlobalSection(SolutionProperties) = preSolution
		HideSolutionNode = FALSE
	EndGlobalSection
	GlobalSection(NestedProjects) = preSolution
		{EB9C3D19-D67C-496E-8C3C-73EFA5B66732} = {27CD35FB-1970-4B04-827D-4B92AB05588C}
		{3615B72F-0354-4C5C-8B0E-1237AC7FFB85} = {27CD35FB-1970-4B04-827D-4B92AB05588C}
		{0FFC0D7C-82AD-454B-921E-68E23743AD4A} = {27CD35FB-1970-4B04-827D-4B92AB05588C}
		{70202757-DE5E-42FC-AED0-884785C150F8} = {27CD35FB-1970-4B04-827D-4B92AB05588C}
		{F255FC51-2E1C-48FB-B0F0-3A5B5AD4AB92} = {27CD35FB-1970-4B04-827D-4B92AB05588C}
		{63F7AD63-ED75-4F81-AFD7-B03389E97EE5} = {27CD35FB-1970-4B04-827D-4B92AB05588C}
		{71A402B5-566F-465E-A409-33CC57D40D60} = {27CD35FB-1970-4B04-827D-4B92AB05588C}
		{AE4B9F6A-5165-41F3-8316-F49D758C8E18} = {E48FFAD2-144A-433B-B96D-2B48D665E3EE}
		{42A254CB-EED2-48F7-BEFE-E63B77EF85B5} = {E48FFAD2-144A-433B-B96D-2B48D665E3EE}
		{1FC8EBC1-B02F-4D77-9DDB-0BC082724A38} = {E48FFAD2-144A-433B-B96D-2B48D665E3EE}
		{22CC9F41-5064-4647-9410-E70DA2A1A7EB} = {E48FFAD2-144A-433B-B96D-2B48D665E3EE}
		{1179EA89-1C39-40C8-8D6D-DABE71D2C987} = {E48FFAD2-144A-433B-B96D-2B48D665E3EE}
		{10EA4E26-955A-4887-8C9B-7ABD57A27DFC} = {E48FFAD2-144A-433B-B96D-2B48D665E3EE}
		{FBD509B2-3C8B-4DF9-B722-E98EF378A3B2} = {E48FFAD2-144A-433B-B96D-2B48D665E3EE}
		{77B71568-1D3F-44D3-A8F3-50D52713C402} = {E48FFAD2-144A-433B-B96D-2B48D665E3EE}
		{A0B848C2-7D41-44FC-80EF-0DA959E72F73} = {E48FFAD2-144A-433B-B96D-2B48D665E3EE}
		{82E59D4B-580D-4B0A-BDAD-107250A61AFA} = {E48FFAD2-144A-433B-B96D-2B48D665E3EE}
		{6E505D8C-D367-4552-8A4F-196061963ABD} = {E48FFAD2-144A-433B-B96D-2B48D665E3EE}
		{343308AA-0181-4062-BF25-6A9C72D40F14} = {E48FFAD2-144A-433B-B96D-2B48D665E3EE}
		{BF9F2B0F-F442-496A-93CF-0B9482F0FE6E} = {E48FFAD2-144A-433B-B96D-2B48D665E3EE}
		{36B0FBC5-5EEA-43C5-B54C-FEA1B35DD4A1} = {377F315D-BF53-4E71-B08B-3AF6DEF52D9B}
		{4727B724-BA73-4866-AE31-A1F370F3DFE5} = {377F315D-BF53-4E71-B08B-3AF6DEF52D9B}
		{18386D15-4D35-43CA-A3C4-9301F3CD1546} = {377F315D-BF53-4E71-B08B-3AF6DEF52D9B}
		{003F7456-B04B-4F37-9A4D-F837A598E8E5} = {377F315D-BF53-4E71-B08B-3AF6DEF52D9B}
		{33A36F11-0F20-4986-82A2-F5D8C83CB7BE} = {377F315D-BF53-4E71-B08B-3AF6DEF52D9B}
		{3B807157-A3F2-4A1D-AA10-9838999B6A33} = {377F315D-BF53-4E71-B08B-3AF6DEF52D9B}
		{4257C53E-B680-480A-BE08-D48B17E2FDFF} = {377F315D-BF53-4E71-B08B-3AF6DEF52D9B}
		{D5177058-C80A-457D-8803-629D91FBCE48} = {377F315D-BF53-4E71-B08B-3AF6DEF52D9B}
		{77AFF7F6-30F8-4E28-A7A0-E0F5375E6532} = {377F315D-BF53-4E71-B08B-3AF6DEF52D9B}
		{B3CA88A5-8CCE-47BD-9CF8-ABC953440B17} = {377F315D-BF53-4E71-B08B-3AF6DEF52D9B}
		{D3E5E3D6-DEBE-4F9F-A859-7CB89DFEFFC3} = {377F315D-BF53-4E71-B08B-3AF6DEF52D9B}
		{3E96AF02-A5CF-4549-B51C-9FF3F96EA368} = {377F315D-BF53-4E71-B08B-3AF6DEF52D9B}
		{6CADB684-E63E-4387-A06B-B18D576C8EA9} = {377F315D-BF53-4E71-B08B-3AF6DEF52D9B}
		{261BBBA9-61CD-44FD-A0C9-A153750702F0} = {377F315D-BF53-4E71-B08B-3AF6DEF52D9B}
		{AF4F91FA-1DF5-43C4-828D-8E415D978808} = {377F315D-BF53-4E71-B08B-3AF6DEF52D9B}
		{049DC69A-3F6F-4847-84BC-9507676AB0FD} = {377F315D-BF53-4E71-B08B-3AF6DEF52D9B}
		{51A68E18-7248-4F94-8BB2-8DA3F8F50F97} = {377F315D-BF53-4E71-B08B-3AF6DEF52D9B}
		{97C52936-F02D-42C5-841B-91610E71CD7E} = {377F315D-BF53-4E71-B08B-3AF6DEF52D9B}
		{14DFB3B0-FEAE-49B0-ABD8-15BF376C79AE} = {377F315D-BF53-4E71-B08B-3AF6DEF52D9B}
		{1023A7F8-282C-472A-9130-F1A02E73D7F8} = {377F315D-BF53-4E71-B08B-3AF6DEF52D9B}
		{F4C8EC6F-922A-4A7A-BFD9-A375D1E8039A} = {377F315D-BF53-4E71-B08B-3AF6DEF52D9B}
		{5B268AE0-69BF-4CC6-AB48-B6000ADA7060} = {DBBD810F-EFFA-4EB8-B620-F6B2D7BB458D}
		{3FC70185-DADC-4258-929F-C6301FA5A092} = {DBBD810F-EFFA-4EB8-B620-F6B2D7BB458D}
		{0DC237EA-5A3F-49E8-B1FE-B789E1BDB026} = {DBBD810F-EFFA-4EB8-B620-F6B2D7BB458D}
		{FF12FC62-6771-4166-80A6-8752040F2247} = {DBBD810F-EFFA-4EB8-B620-F6B2D7BB458D}
		{8009D54E-D994-49FF-A51F-11B1BC3D5EF2} = {DBBD810F-EFFA-4EB8-B620-F6B2D7BB458D}
		{22EDD264-7226-4DA3-9F50-B6F5497F8316} = {DBBD810F-EFFA-4EB8-B620-F6B2D7BB458D}
		{2B7A7E44-B7C4-46A7-8018-29C27E76B49C} = {DBBD810F-EFFA-4EB8-B620-F6B2D7BB458D}
		{A5745186-376C-4D02-8C07-B92F1085DB28} = {DBBD810F-EFFA-4EB8-B620-F6B2D7BB458D}
		{64CD5A87-3E6B-4119-922F-29BD6A085D18} = {DBBD810F-EFFA-4EB8-B620-F6B2D7BB458D}
		{D7AA4205-5637-453E-BE4C-51B4BEB24E1D} = {DBBD810F-EFFA-4EB8-B620-F6B2D7BB458D}
		{33B8BF2D-7779-4A3B-9ABD-80F225340458} = {DBBD810F-EFFA-4EB8-B620-F6B2D7BB458D}
		{B7A2AAA5-01C4-43C7-AAAE-A39485D641E6} = {DBBD810F-EFFA-4EB8-B620-F6B2D7BB458D}
		{4D2AD14A-BD4C-4FD5-81EF-B5BD5D11BF73} = {DBBD810F-EFFA-4EB8-B620-F6B2D7BB458D}
		{E2A332CD-0AEA-47D8-8C19-3EF080EEC888} = {DBBD810F-EFFA-4EB8-B620-F6B2D7BB458D}
		{9D7F6E10-8320-4DAD-B412-E3C1D2E24857} = {DBBD810F-EFFA-4EB8-B620-F6B2D7BB458D}
		{A47A44C4-02FE-43C7-95EE-2AA766EA09EC} = {DBBD810F-EFFA-4EB8-B620-F6B2D7BB458D}
		{BF8B1975-5B1D-4B34-BC0C-E5B33BBEBA70} = {DBBD810F-EFFA-4EB8-B620-F6B2D7BB458D}
		{CF2F9106-644F-48F5-99C7-BAE088250C4E} = {DBBD810F-EFFA-4EB8-B620-F6B2D7BB458D}
		{D7D05220-F612-41BA-BADC-A8CFFB1C9278} = {DBBD810F-EFFA-4EB8-B620-F6B2D7BB458D}
		{3D3805E9-AE2B-4381-AD9B-573D16B04540} = {DBBD810F-EFFA-4EB8-B620-F6B2D7BB458D}
	EndGlobalSection
	GlobalSection(ExtensibilityGlobals) = postSolution
		SolutionGuid = {719CD315-C9EE-47B6-968D-F698977F48B5}
	EndGlobalSection
EndGlobal
