
Microsoft Visual Studio Solution File, Format Version 12.00
# Visual Studio Version 17
VisualStudioVersion = 17.7.34031.279
MinimumVisualStudioVersion = 10.0.40219.1
Project("{9A19103F-16F7-4668-BE54-9A1E7A4F7556}") = "Jogo da velha", "Jogo da velha.csproj", "{2FBCEA15-6F87-4C39-9733-5A5196A81479}"
EndProject
Project("{FAE04EC0-301F-11D3-BF4B-00C04F79EFBC}") = "Contra o Computador", "..\Contra o Computador\Contra o Computador.csproj", "{3D106A46-F171-462C-813B-513AED03895B}"
EndProject
Global
	GlobalSection(SolutionConfigurationPlatforms) = preSolution
		Debug|Any CPU = Debug|Any CPU
		Release|Any CPU = Release|Any CPU
	EndGlobalSection
	GlobalSection(ProjectConfigurationPlatforms) = postSolution
		{2FBCEA15-6F87-4C39-9733-5A5196A81479}.Debug|Any CPU.ActiveCfg = Debug|Any CPU
		{2FBCEA15-6F87-4C39-9733-5A5196A81479}.Debug|Any CPU.Build.0 = Debug|Any CPU
		{2FBCEA15-6F87-4C39-9733-5A5196A81479}.Release|Any CPU.ActiveCfg = Release|Any CPU
		{2FBCEA15-6F87-4C39-9733-5A5196A81479}.Release|Any CPU.Build.0 = Release|Any CPU
		{3D106A46-F171-462C-813B-513AED03895B}.Debug|Any CPU.ActiveCfg = Debug|Any CPU
		{3D106A46-F171-462C-813B-513AED03895B}.Debug|Any CPU.Build.0 = Debug|Any CPU
		{3D106A46-F171-462C-813B-513AED03895B}.Release|Any CPU.ActiveCfg = Release|Any CPU
		{3D106A46-F171-462C-813B-513AED03895B}.Release|Any CPU.Build.0 = Release|Any CPU
	EndGlobalSection
	GlobalSection(SolutionProperties) = preSolution
		HideSolutionNode = FALSE
	EndGlobalSection
	GlobalSection(ExtensibilityGlobals) = postSolution
		SolutionGuid = {8A1DB4DA-4E26-4D3D-A632-2347B2A9CCF0}
	EndGlobalSection
EndGlobal
