
Microsoft Visual Studio Solution File, Format Version 12.00
# Visual Studio Version 17
VisualStudioVersion = 17.7.34031.279
MinimumVisualStudioVersion = 10.0.40219.1
Project("{9A19103F-16F7-4668-BE54-9A1E7A4F7556}") = "Matriz", "Matriz.csproj", "{BD4537BD-F1E6-4683-8E2E-6EA5F2284EC1}"
EndProject
Project("{FAE04EC0-301F-11D3-BF4B-00C04F79EFBC}") = "Matriz02", "..\Matriz02\Matriz02.csproj", "{C8B28A78-22B5-42EF-A62D-15A56B966E22}"
EndProject
Project("{FAE04EC0-301F-11D3-BF4B-00C04F79EFBC}") = "Matriz03", "..\Matriz03\Matriz03.csproj", "{6273E3C9-A1B8-4D9C-BAF1-9DD193D45C8E}"
EndProject
Project("{FAE04EC0-301F-11D3-BF4B-00C04F79EFBC}") = "Matriz04", "..\Matriz04\Matriz04.csproj", "{57B269B5-F5B4-4C40-9585-119CBB1DCABB}"
EndProject
Project("{2150E333-8FDC-42A3-9474-1A3956D46DE8}") = "MAtrizes", "MAtrizes", "{B030E764-D23F-4DED-98C5-7FB998C47E21}"
EndProject
Project("{FAE04EC0-301F-11D3-BF4B-00C04F79EFBC}") = "Matriz05", "..\Matriz05\Matriz05.csproj", "{FA287844-99C3-4358-A7CB-7C58CFC5E5F9}"
EndProject
Project("{FAE04EC0-301F-11D3-BF4B-00C04F79EFBC}") = "Matriz06", "..\matriz06\Matriz06.csproj", "{8F171889-9E44-4044-BE3F-A899F7D222FA}"
EndProject
Project("{FAE04EC0-301F-11D3-BF4B-00C04F79EFBC}") = "Matriz07", "..\Matriz07\Matriz07.csproj", "{D1E17AC9-E6D7-4BF4-81BF-A528ADABE25F}"
EndProject
Project("{FAE04EC0-301F-11D3-BF4B-00C04F79EFBC}") = "Matriz08", "..\Matriz08\Matriz08.csproj", "{36546678-E741-46D0-844D-63E2C2F3ECBA}"
EndProject
Project("{FAE04EC0-301F-11D3-BF4B-00C04F79EFBC}") = "Matriz09", "..\Matriz09\Matriz09.csproj", "{FFFAE5B7-2EB9-43A0-BB9B-1E50AEA37F32}"
EndProject
Project("{FAE04EC0-301F-11D3-BF4B-00C04F79EFBC}") = "Matriz10", "..\Matriz10\Matriz10.csproj", "{DAFF3427-EF31-46DE-B832-53F4B568C13D}"
EndProject
Project("{FAE04EC0-301F-11D3-BF4B-00C04F79EFBC}") = "Matriz11", "..\Matriz11\Matriz11.csproj", "{A20AE6CE-C570-4423-A158-3A42D29E1F0E}"
EndProject
Project("{FAE04EC0-301F-11D3-BF4B-00C04F79EFBC}") = "Matriz12", "..\Matriz12\Matriz12.csproj", "{F188D5AB-2092-421B-838F-3E5D54CB350D}"
EndProject
Project("{FAE04EC0-301F-11D3-BF4B-00C04F79EFBC}") = "Matriz13", "..\Matriz13\Matriz13.csproj", "{F694E536-FD46-4D03-BF60-A50E2EA38F5B}"
EndProject
Project("{FAE04EC0-301F-11D3-BF4B-00C04F79EFBC}") = "Matriz14", "..\Matriz14\Matriz14.csproj", "{80F5CC27-3D4A-4B0A-8515-DE69E73DB4C0}"
EndProject
Project("{FAE04EC0-301F-11D3-BF4B-00C04F79EFBC}") = "Matriz15", "..\Matriz15\Matriz15.csproj", "{7507D055-E10D-4E61-B24D-4795B38DC563}"
EndProject
Project("{FAE04EC0-301F-11D3-BF4B-00C04F79EFBC}") = "Matriz16", "..\Matriz16\Matriz16.csproj", "{4BBE7835-417D-4DE2-A427-4B0A3FA4630B}"
EndProject
Project("{FAE04EC0-301F-11D3-BF4B-00C04F79EFBC}") = "Matriz17", "..\Matriz17\Matriz17.csproj", "{624B9B7E-31F4-40C2-B930-CD5A25E1093F}"
EndProject
Global
	GlobalSection(SolutionConfigurationPlatforms) = preSolution
		Debug|Any CPU = Debug|Any CPU
		Release|Any CPU = Release|Any CPU
	EndGlobalSection
	GlobalSection(ProjectConfigurationPlatforms) = postSolution
		{BD4537BD-F1E6-4683-8E2E-6EA5F2284EC1}.Debug|Any CPU.ActiveCfg = Debug|Any CPU
		{BD4537BD-F1E6-4683-8E2E-6EA5F2284EC1}.Debug|Any CPU.Build.0 = Debug|Any CPU
		{BD4537BD-F1E6-4683-8E2E-6EA5F2284EC1}.Release|Any CPU.ActiveCfg = Release|Any CPU
		{BD4537BD-F1E6-4683-8E2E-6EA5F2284EC1}.Release|Any CPU.Build.0 = Release|Any CPU
		{C8B28A78-22B5-42EF-A62D-15A56B966E22}.Debug|Any CPU.ActiveCfg = Debug|Any CPU
		{C8B28A78-22B5-42EF-A62D-15A56B966E22}.Debug|Any CPU.Build.0 = Debug|Any CPU
		{C8B28A78-22B5-42EF-A62D-15A56B966E22}.Release|Any CPU.ActiveCfg = Release|Any CPU
		{C8B28A78-22B5-42EF-A62D-15A56B966E22}.Release|Any CPU.Build.0 = Release|Any CPU
		{6273E3C9-A1B8-4D9C-BAF1-9DD193D45C8E}.Debug|Any CPU.ActiveCfg = Debug|Any CPU
		{6273E3C9-A1B8-4D9C-BAF1-9DD193D45C8E}.Debug|Any CPU.Build.0 = Debug|Any CPU
		{6273E3C9-A1B8-4D9C-BAF1-9DD193D45C8E}.Release|Any CPU.ActiveCfg = Release|Any CPU
		{6273E3C9-A1B8-4D9C-BAF1-9DD193D45C8E}.Release|Any CPU.Build.0 = Release|Any CPU
		{57B269B5-F5B4-4C40-9585-119CBB1DCABB}.Debug|Any CPU.ActiveCfg = Debug|Any CPU
		{57B269B5-F5B4-4C40-9585-119CBB1DCABB}.Debug|Any CPU.Build.0 = Debug|Any CPU
		{57B269B5-F5B4-4C40-9585-119CBB1DCABB}.Release|Any CPU.ActiveCfg = Release|Any CPU
		{57B269B5-F5B4-4C40-9585-119CBB1DCABB}.Release|Any CPU.Build.0 = Release|Any CPU
		{FA287844-99C3-4358-A7CB-7C58CFC5E5F9}.Debug|Any CPU.ActiveCfg = Debug|Any CPU
		{FA287844-99C3-4358-A7CB-7C58CFC5E5F9}.Debug|Any CPU.Build.0 = Debug|Any CPU
		{FA287844-99C3-4358-A7CB-7C58CFC5E5F9}.Release|Any CPU.ActiveCfg = Release|Any CPU
		{FA287844-99C3-4358-A7CB-7C58CFC5E5F9}.Release|Any CPU.Build.0 = Release|Any CPU
		{8F171889-9E44-4044-BE3F-A899F7D222FA}.Debug|Any CPU.ActiveCfg = Debug|Any CPU
		{8F171889-9E44-4044-BE3F-A899F7D222FA}.Debug|Any CPU.Build.0 = Debug|Any CPU
		{8F171889-9E44-4044-BE3F-A899F7D222FA}.Release|Any CPU.ActiveCfg = Release|Any CPU
		{8F171889-9E44-4044-BE3F-A899F7D222FA}.Release|Any CPU.Build.0 = Release|Any CPU
		{D1E17AC9-E6D7-4BF4-81BF-A528ADABE25F}.Debug|Any CPU.ActiveCfg = Debug|Any CPU
		{D1E17AC9-E6D7-4BF4-81BF-A528ADABE25F}.Debug|Any CPU.Build.0 = Debug|Any CPU
		{D1E17AC9-E6D7-4BF4-81BF-A528ADABE25F}.Release|Any CPU.ActiveCfg = Release|Any CPU
		{D1E17AC9-E6D7-4BF4-81BF-A528ADABE25F}.Release|Any CPU.Build.0 = Release|Any CPU
		{36546678-E741-46D0-844D-63E2C2F3ECBA}.Debug|Any CPU.ActiveCfg = Debug|Any CPU
		{36546678-E741-46D0-844D-63E2C2F3ECBA}.Debug|Any CPU.Build.0 = Debug|Any CPU
		{36546678-E741-46D0-844D-63E2C2F3ECBA}.Release|Any CPU.ActiveCfg = Release|Any CPU
		{36546678-E741-46D0-844D-63E2C2F3ECBA}.Release|Any CPU.Build.0 = Release|Any CPU
		{FFFAE5B7-2EB9-43A0-BB9B-1E50AEA37F32}.Debug|Any CPU.ActiveCfg = Debug|Any CPU
		{FFFAE5B7-2EB9-43A0-BB9B-1E50AEA37F32}.Debug|Any CPU.Build.0 = Debug|Any CPU
		{FFFAE5B7-2EB9-43A0-BB9B-1E50AEA37F32}.Release|Any CPU.ActiveCfg = Release|Any CPU
		{FFFAE5B7-2EB9-43A0-BB9B-1E50AEA37F32}.Release|Any CPU.Build.0 = Release|Any CPU
		{DAFF3427-EF31-46DE-B832-53F4B568C13D}.Debug|Any CPU.ActiveCfg = Debug|Any CPU
		{DAFF3427-EF31-46DE-B832-53F4B568C13D}.Debug|Any CPU.Build.0 = Debug|Any CPU
		{DAFF3427-EF31-46DE-B832-53F4B568C13D}.Release|Any CPU.ActiveCfg = Release|Any CPU
		{DAFF3427-EF31-46DE-B832-53F4B568C13D}.Release|Any CPU.Build.0 = Release|Any CPU
		{A20AE6CE-C570-4423-A158-3A42D29E1F0E}.Debug|Any CPU.ActiveCfg = Debug|Any CPU
		{A20AE6CE-C570-4423-A158-3A42D29E1F0E}.Debug|Any CPU.Build.0 = Debug|Any CPU
		{A20AE6CE-C570-4423-A158-3A42D29E1F0E}.Release|Any CPU.ActiveCfg = Release|Any CPU
		{A20AE6CE-C570-4423-A158-3A42D29E1F0E}.Release|Any CPU.Build.0 = Release|Any CPU
		{F188D5AB-2092-421B-838F-3E5D54CB350D}.Debug|Any CPU.ActiveCfg = Debug|Any CPU
		{F188D5AB-2092-421B-838F-3E5D54CB350D}.Debug|Any CPU.Build.0 = Debug|Any CPU
		{F188D5AB-2092-421B-838F-3E5D54CB350D}.Release|Any CPU.ActiveCfg = Release|Any CPU
		{F188D5AB-2092-421B-838F-3E5D54CB350D}.Release|Any CPU.Build.0 = Release|Any CPU
		{F694E536-FD46-4D03-BF60-A50E2EA38F5B}.Debug|Any CPU.ActiveCfg = Debug|Any CPU
		{F694E536-FD46-4D03-BF60-A50E2EA38F5B}.Debug|Any CPU.Build.0 = Debug|Any CPU
		{F694E536-FD46-4D03-BF60-A50E2EA38F5B}.Release|Any CPU.ActiveCfg = Release|Any CPU
		{F694E536-FD46-4D03-BF60-A50E2EA38F5B}.Release|Any CPU.Build.0 = Release|Any CPU
		{80F5CC27-3D4A-4B0A-8515-DE69E73DB4C0}.Debug|Any CPU.ActiveCfg = Debug|Any CPU
		{80F5CC27-3D4A-4B0A-8515-DE69E73DB4C0}.Debug|Any CPU.Build.0 = Debug|Any CPU
		{80F5CC27-3D4A-4B0A-8515-DE69E73DB4C0}.Release|Any CPU.ActiveCfg = Release|Any CPU
		{80F5CC27-3D4A-4B0A-8515-DE69E73DB4C0}.Release|Any CPU.Build.0 = Release|Any CPU
		{7507D055-E10D-4E61-B24D-4795B38DC563}.Debug|Any CPU.ActiveCfg = Debug|Any CPU
		{7507D055-E10D-4E61-B24D-4795B38DC563}.Debug|Any CPU.Build.0 = Debug|Any CPU
		{7507D055-E10D-4E61-B24D-4795B38DC563}.Release|Any CPU.ActiveCfg = Release|Any CPU
		{7507D055-E10D-4E61-B24D-4795B38DC563}.Release|Any CPU.Build.0 = Release|Any CPU
		{4BBE7835-417D-4DE2-A427-4B0A3FA4630B}.Debug|Any CPU.ActiveCfg = Debug|Any CPU
		{4BBE7835-417D-4DE2-A427-4B0A3FA4630B}.Debug|Any CPU.Build.0 = Debug|Any CPU
		{4BBE7835-417D-4DE2-A427-4B0A3FA4630B}.Release|Any CPU.ActiveCfg = Release|Any CPU
		{4BBE7835-417D-4DE2-A427-4B0A3FA4630B}.Release|Any CPU.Build.0 = Release|Any CPU
		{624B9B7E-31F4-40C2-B930-CD5A25E1093F}.Debug|Any CPU.ActiveCfg = Debug|Any CPU
		{624B9B7E-31F4-40C2-B930-CD5A25E1093F}.Debug|Any CPU.Build.0 = Debug|Any CPU
		{624B9B7E-31F4-40C2-B930-CD5A25E1093F}.Release|Any CPU.ActiveCfg = Release|Any CPU
		{624B9B7E-31F4-40C2-B930-CD5A25E1093F}.Release|Any CPU.Build.0 = Release|Any CPU
	EndGlobalSection
	GlobalSection(SolutionProperties) = preSolution
		HideSolutionNode = FALSE
	EndGlobalSection
	GlobalSection(NestedProjects) = preSolution
		{BD4537BD-F1E6-4683-8E2E-6EA5F2284EC1} = {B030E764-D23F-4DED-98C5-7FB998C47E21}
		{C8B28A78-22B5-42EF-A62D-15A56B966E22} = {B030E764-D23F-4DED-98C5-7FB998C47E21}
		{6273E3C9-A1B8-4D9C-BAF1-9DD193D45C8E} = {B030E764-D23F-4DED-98C5-7FB998C47E21}
		{57B269B5-F5B4-4C40-9585-119CBB1DCABB} = {B030E764-D23F-4DED-98C5-7FB998C47E21}
		{FA287844-99C3-4358-A7CB-7C58CFC5E5F9} = {B030E764-D23F-4DED-98C5-7FB998C47E21}
		{8F171889-9E44-4044-BE3F-A899F7D222FA} = {B030E764-D23F-4DED-98C5-7FB998C47E21}
		{D1E17AC9-E6D7-4BF4-81BF-A528ADABE25F} = {B030E764-D23F-4DED-98C5-7FB998C47E21}
		{36546678-E741-46D0-844D-63E2C2F3ECBA} = {B030E764-D23F-4DED-98C5-7FB998C47E21}
		{FFFAE5B7-2EB9-43A0-BB9B-1E50AEA37F32} = {B030E764-D23F-4DED-98C5-7FB998C47E21}
		{DAFF3427-EF31-46DE-B832-53F4B568C13D} = {B030E764-D23F-4DED-98C5-7FB998C47E21}
		{A20AE6CE-C570-4423-A158-3A42D29E1F0E} = {B030E764-D23F-4DED-98C5-7FB998C47E21}
		{F188D5AB-2092-421B-838F-3E5D54CB350D} = {B030E764-D23F-4DED-98C5-7FB998C47E21}
		{F694E536-FD46-4D03-BF60-A50E2EA38F5B} = {B030E764-D23F-4DED-98C5-7FB998C47E21}
		{80F5CC27-3D4A-4B0A-8515-DE69E73DB4C0} = {B030E764-D23F-4DED-98C5-7FB998C47E21}
		{7507D055-E10D-4E61-B24D-4795B38DC563} = {B030E764-D23F-4DED-98C5-7FB998C47E21}
		{4BBE7835-417D-4DE2-A427-4B0A3FA4630B} = {B030E764-D23F-4DED-98C5-7FB998C47E21}
		{624B9B7E-31F4-40C2-B930-CD5A25E1093F} = {B030E764-D23F-4DED-98C5-7FB998C47E21}
	EndGlobalSection
	GlobalSection(ExtensibilityGlobals) = postSolution
		SolutionGuid = {FB87178C-86AF-4004-B339-8F5767FAFAA4}
	EndGlobalSection
EndGlobal
